
Microsoft Visual Studio Solution File, Format Version 12.00
# Visual Studio Version 16
VisualStudioVersion = 16.0.30611.23
MinimumVisualStudioVersion = 15.0.26124.0
Project("{9A19103F-16F7-4668-BE54-9A1E7A4F7556}") = "WebsocketLib", "WebsocketLib\WebsocketLib.csproj", "{08856A5F-D915-4F06-AA5B-852F481CA825}"
EndProject
Project("{9A19103F-16F7-4668-BE54-9A1E7A4F7556}") = "Clientside", "TcpClient\Clientside.csproj", "{F2AE1A14-303A-464C-834D-45131FCF4924}"
EndProject
Project("{9A19103F-16F7-4668-BE54-9A1E7A4F7556}") = "Serverside", "TcpConn\Serverside.csproj", "{D19BBBD9-367C-4683-B28F-4AE292E93E4D}"
EndProject
Project("{9A19103F-16F7-4668-BE54-9A1E7A4F7556}") = "SerializeLib", "SerializeLib\SerializeLib.csproj", "{5E842405-AC5D-4AD8-B487-2FE901681552}"
EndProject
Project("{FAE04EC0-301F-11D3-BF4B-00C04F79EFBC}") = "GUI", "GUI\GUI.csproj", "{869AC9F9-0F14-4FEB-B3B7-AB9CA54625AE}"
EndProject
Global
	GlobalSection(SolutionConfigurationPlatforms) = preSolution
		Debug|Any CPU = Debug|Any CPU
		Debug|x64 = Debug|x64
		Debug|x86 = Debug|x86
		Release|Any CPU = Release|Any CPU
		Release|x64 = Release|x64
		Release|x86 = Release|x86
	EndGlobalSection
	GlobalSection(ProjectConfigurationPlatforms) = postSolution
		{08856A5F-D915-4F06-AA5B-852F481CA825}.Debug|Any CPU.ActiveCfg = Debug|Any CPU
		{08856A5F-D915-4F06-AA5B-852F481CA825}.Debug|Any CPU.Build.0 = Debug|Any CPU
		{08856A5F-D915-4F06-AA5B-852F481CA825}.Debug|x64.ActiveCfg = Debug|Any CPU
		{08856A5F-D915-4F06-AA5B-852F481CA825}.Debug|x64.Build.0 = Debug|Any CPU
		{08856A5F-D915-4F06-AA5B-852F481CA825}.Debug|x86.ActiveCfg = Debug|Any CPU
		{08856A5F-D915-4F06-AA5B-852F481CA825}.Debug|x86.Build.0 = Debug|Any CPU
		{08856A5F-D915-4F06-AA5B-852F481CA825}.Release|Any CPU.ActiveCfg = Release|Any CPU
		{08856A5F-D915-4F06-AA5B-852F481CA825}.Release|Any CPU.Build.0 = Release|Any CPU
		{08856A5F-D915-4F06-AA5B-852F481CA825}.Release|x64.ActiveCfg = Release|Any CPU
		{08856A5F-D915-4F06-AA5B-852F481CA825}.Release|x64.Build.0 = Release|Any CPU
		{08856A5F-D915-4F06-AA5B-852F481CA825}.Release|x86.ActiveCfg = Release|Any CPU
		{08856A5F-D915-4F06-AA5B-852F481CA825}.Release|x86.Build.0 = Release|Any CPU
		{F2AE1A14-303A-464C-834D-45131FCF4924}.Debug|Any CPU.ActiveCfg = Debug|Any CPU
		{F2AE1A14-303A-464C-834D-45131FCF4924}.Debug|Any CPU.Build.0 = Debug|Any CPU
		{F2AE1A14-303A-464C-834D-45131FCF4924}.Debug|x64.ActiveCfg = Debug|Any CPU
		{F2AE1A14-303A-464C-834D-45131FCF4924}.Debug|x64.Build.0 = Debug|Any CPU
		{F2AE1A14-303A-464C-834D-45131FCF4924}.Debug|x86.ActiveCfg = Debug|Any CPU
		{F2AE1A14-303A-464C-834D-45131FCF4924}.Debug|x86.Build.0 = Debug|Any CPU
		{F2AE1A14-303A-464C-834D-45131FCF4924}.Release|Any CPU.ActiveCfg = Release|Any CPU
		{F2AE1A14-303A-464C-834D-45131FCF4924}.Release|Any CPU.Build.0 = Release|Any CPU
		{F2AE1A14-303A-464C-834D-45131FCF4924}.Release|x64.ActiveCfg = Release|Any CPU
		{F2AE1A14-303A-464C-834D-45131FCF4924}.Release|x64.Build.0 = Release|Any CPU
		{F2AE1A14-303A-464C-834D-45131FCF4924}.Release|x86.ActiveCfg = Release|Any CPU
		{F2AE1A14-303A-464C-834D-45131FCF4924}.Release|x86.Build.0 = Release|Any CPU
		{D19BBBD9-367C-4683-B28F-4AE292E93E4D}.Debug|Any CPU.ActiveCfg = Debug|Any CPU
		{D19BBBD9-367C-4683-B28F-4AE292E93E4D}.Debug|Any CPU.Build.0 = Debug|Any CPU
		{D19BBBD9-367C-4683-B28F-4AE292E93E4D}.Debug|x64.ActiveCfg = Debug|Any CPU
		{D19BBBD9-367C-4683-B28F-4AE292E93E4D}.Debug|x64.Build.0 = Debug|Any CPU
		{D19BBBD9-367C-4683-B28F-4AE292E93E4D}.Debug|x86.ActiveCfg = Debug|Any CPU
		{D19BBBD9-367C-4683-B28F-4AE292E93E4D}.Debug|x86.Build.0 = Debug|Any CPU
		{D19BBBD9-367C-4683-B28F-4AE292E93E4D}.Release|Any CPU.ActiveCfg = Release|Any CPU
		{D19BBBD9-367C-4683-B28F-4AE292E93E4D}.Release|Any CPU.Build.0 = Release|Any CPU
		{D19BBBD9-367C-4683-B28F-4AE292E93E4D}.Release|x64.ActiveCfg = Release|Any CPU
		{D19BBBD9-367C-4683-B28F-4AE292E93E4D}.Release|x64.Build.0 = Release|Any CPU
		{D19BBBD9-367C-4683-B28F-4AE292E93E4D}.Release|x86.ActiveCfg = Release|Any CPU
		{D19BBBD9-367C-4683-B28F-4AE292E93E4D}.Release|x86.Build.0 = Release|Any CPU
		{5E842405-AC5D-4AD8-B487-2FE901681552}.Debug|Any CPU.ActiveCfg = Debug|Any CPU
		{5E842405-AC5D-4AD8-B487-2FE901681552}.Debug|Any CPU.Build.0 = Debug|Any CPU
		{5E842405-AC5D-4AD8-B487-2FE901681552}.Debug|x64.ActiveCfg = Debug|Any CPU
		{5E842405-AC5D-4AD8-B487-2FE901681552}.Debug|x64.Build.0 = Debug|Any CPU
		{5E842405-AC5D-4AD8-B487-2FE901681552}.Debug|x86.ActiveCfg = Debug|Any CPU
		{5E842405-AC5D-4AD8-B487-2FE901681552}.Debug|x86.Build.0 = Debug|Any CPU
		{5E842405-AC5D-4AD8-B487-2FE901681552}.Release|Any CPU.ActiveCfg = Release|Any CPU
		{5E842405-AC5D-4AD8-B487-2FE901681552}.Release|Any CPU.Build.0 = Release|Any CPU
		{5E842405-AC5D-4AD8-B487-2FE901681552}.Release|x64.ActiveCfg = Release|Any CPU
		{5E842405-AC5D-4AD8-B487-2FE901681552}.Release|x64.Build.0 = Release|Any CPU
		{5E842405-AC5D-4AD8-B487-2FE901681552}.Release|x86.ActiveCfg = Release|Any CPU
		{5E842405-AC5D-4AD8-B487-2FE901681552}.Release|x86.Build.0 = Release|Any CPU
		{869AC9F9-0F14-4FEB-B3B7-AB9CA54625AE}.Debug|Any CPU.ActiveCfg = Debug|Any CPU
		{869AC9F9-0F14-4FEB-B3B7-AB9CA54625AE}.Debug|Any CPU.Build.0 = Debug|Any CPU
		{869AC9F9-0F14-4FEB-B3B7-AB9CA54625AE}.Debug|x64.ActiveCfg = Debug|Any CPU
		{869AC9F9-0F14-4FEB-B3B7-AB9CA54625AE}.Debug|x64.Build.0 = Debug|Any CPU
		{869AC9F9-0F14-4FEB-B3B7-AB9CA54625AE}.Debug|x86.ActiveCfg = Debug|Any CPU
		{869AC9F9-0F14-4FEB-B3B7-AB9CA54625AE}.Debug|x86.Build.0 = Debug|Any CPU
		{869AC9F9-0F14-4FEB-B3B7-AB9CA54625AE}.Release|Any CPU.ActiveCfg = Release|Any CPU
		{869AC9F9-0F14-4FEB-B3B7-AB9CA54625AE}.Release|Any CPU.Build.0 = Release|Any CPU
		{869AC9F9-0F14-4FEB-B3B7-AB9CA54625AE}.Release|x64.ActiveCfg = Release|Any CPU
		{869AC9F9-0F14-4FEB-B3B7-AB9CA54625AE}.Release|x64.Build.0 = Release|Any CPU
		{869AC9F9-0F14-4FEB-B3B7-AB9CA54625AE}.Release|x86.ActiveCfg = Release|Any CPU
		{869AC9F9-0F14-4FEB-B3B7-AB9CA54625AE}.Release|x86.Build.0 = Release|Any CPU
	EndGlobalSection
	GlobalSection(SolutionProperties) = preSolution
		HideSolutionNode = FALSE
	EndGlobalSection
	GlobalSection(ExtensibilityGlobals) = postSolution
		SolutionGuid = {75C2E826-7E85-4C15-8E3D-EF52B35F63A9}
	EndGlobalSection
EndGlobal
